
Microsoft Visual Studio Solution File, Format Version 12.00
# Visual Studio Version 16
VisualStudioVersion = 16.0.31205.134
MinimumVisualStudioVersion = 10.0.40219.1
Project("{9A19103F-16F7-4668-BE54-9A1E7A4F7556}") = "GettingStartedLibraryTests", "GettingStartedLibraryTests.csproj", "{FA5F05F3-3668-408F-8EC0-6B2F93DB4BD7}"
EndProject
Project("{FAE04EC0-301F-11D3-BF4B-00C04F79EFBC}") = "GettingStartedConsole", "..\GettingStartedConsole\GettingStartedConsole.csproj", "{27CE9E1D-48C3-4EAA-B781-A3B3737C87C7}"
EndProject
Global
	GlobalSection(SolutionConfigurationPlatforms) = preSolution
		Debug|Any CPU = Debug|Any CPU
		Release|Any CPU = Release|Any CPU
	EndGlobalSection
	GlobalSection(ProjectConfigurationPlatforms) = postSolution
		{FA5F05F3-3668-408F-8EC0-6B2F93DB4BD7}.Debug|Any CPU.ActiveCfg = Debug|Any CPU
		{FA5F05F3-3668-408F-8EC0-6B2F93DB4BD7}.Debug|Any CPU.Build.0 = Debug|Any CPU
		{FA5F05F3-3668-408F-8EC0-6B2F93DB4BD7}.Release|Any CPU.ActiveCfg = Release|Any CPU
		{FA5F05F3-3668-408F-8EC0-6B2F93DB4BD7}.Release|Any CPU.Build.0 = Release|Any CPU
		{27CE9E1D-48C3-4EAA-B781-A3B3737C87C7}.Debug|Any CPU.ActiveCfg = Debug|Any CPU
		{27CE9E1D-48C3-4EAA-B781-A3B3737C87C7}.Debug|Any CPU.Build.0 = Debug|Any CPU
		{27CE9E1D-48C3-4EAA-B781-A3B3737C87C7}.Release|Any CPU.ActiveCfg = Release|Any CPU
		{27CE9E1D-48C3-4EAA-B781-A3B3737C87C7}.Release|Any CPU.Build.0 = Release|Any CPU
	EndGlobalSection
	GlobalSection(SolutionProperties) = preSolution
		HideSolutionNode = FALSE
	EndGlobalSection
	GlobalSection(ExtensibilityGlobals) = postSolution
		SolutionGuid = {7ABABD66-889E-43FB-87F9-DEBBE3F0BA7E}
	EndGlobalSection
EndGlobal
