
Microsoft Visual Studio Solution File, Format Version 12.00
# Visual Studio Version 16
VisualStudioVersion = 16.0.31205.134
MinimumVisualStudioVersion = 10.0.40219.1
Project("{FAE04EC0-301F-11D3-BF4B-00C04F79EFBC}") = "Getting Started Library", "Getting Started Library.csproj", "{28B2113B-9013-40DA-95EC-F9F8F244F536}"
EndProject
Project("{FAE04EC0-301F-11D3-BF4B-00C04F79EFBC}") = "Getting Started Library.Tests", "..\Getting Started Library.Tests\Getting Started Library.Tests.csproj", "{3A24713A-F157-43A6-934F-0FD4A3315079}"
EndProject
Global
	GlobalSection(SolutionConfigurationPlatforms) = preSolution
		Debug|Any CPU = Debug|Any CPU
		Release|Any CPU = Release|Any CPU
	EndGlobalSection
	GlobalSection(ProjectConfigurationPlatforms) = postSolution
		{28B2113B-9013-40DA-95EC-F9F8F244F536}.Debug|Any CPU.ActiveCfg = Debug|Any CPU
		{28B2113B-9013-40DA-95EC-F9F8F244F536}.Debug|Any CPU.Build.0 = Debug|Any CPU
		{28B2113B-9013-40DA-95EC-F9F8F244F536}.Release|Any CPU.ActiveCfg = Release|Any CPU
		{28B2113B-9013-40DA-95EC-F9F8F244F536}.Release|Any CPU.Build.0 = Release|Any CPU
		{3A24713A-F157-43A6-934F-0FD4A3315079}.Debug|Any CPU.ActiveCfg = Debug|Any CPU
		{3A24713A-F157-43A6-934F-0FD4A3315079}.Debug|Any CPU.Build.0 = Debug|Any CPU
		{3A24713A-F157-43A6-934F-0FD4A3315079}.Release|Any CPU.ActiveCfg = Release|Any CPU
		{3A24713A-F157-43A6-934F-0FD4A3315079}.Release|Any CPU.Build.0 = Release|Any CPU
	EndGlobalSection
	GlobalSection(SolutionProperties) = preSolution
		HideSolutionNode = FALSE
	EndGlobalSection
	GlobalSection(ExtensibilityGlobals) = postSolution
		SolutionGuid = {36E5299A-97B8-4F69-857C-613D2CF0E8A4}
	EndGlobalSection
EndGlobal
